
Microsoft Visual Studio Solution File, Format Version 12.00
# Visual Studio Version 16
VisualStudioVersion = 16.0.29806.167
MinimumVisualStudioVersion = 10.0.40219.1
Project("{FAE04EC0-301F-11D3-BF4B-00C04F79EFBC}") = "laba_curs", "laba_curs\laba_curs.csproj", "{2B643361-66B4-4E6A-B99C-D8EDF50865EF}"
EndProject
Global
	GlobalSection(SolutionConfigurationPlatforms) = preSolution
		Debug|Any CPU = Debug|Any CPU
		Release|Any CPU = Release|Any CPU
	EndGlobalSection
	GlobalSection(ProjectConfigurationPlatforms) = postSolution
		{2B643361-66B4-4E6A-B99C-D8EDF50865EF}.Debug|Any CPU.ActiveCfg = Debug|Any CPU
		{2B643361-66B4-4E6A-B99C-D8EDF50865EF}.Debug|Any CPU.Build.0 = Debug|Any CPU
		{2B643361-66B4-4E6A-B99C-D8EDF50865EF}.Release|Any CPU.ActiveCfg = Release|Any CPU
		{2B643361-66B4-4E6A-B99C-D8EDF50865EF}.Release|Any CPU.Build.0 = Release|Any CPU
	EndGlobalSection
	GlobalSection(SolutionProperties) = preSolution
		HideSolutionNode = FALSE
	EndGlobalSection
	GlobalSection(ExtensibilityGlobals) = postSolution
		SolutionGuid = {58D45823-01D8-498C-A4D2-4439CBC830D4}
	EndGlobalSection
EndGlobal
